# This file is automatically @generated by Poetry 1.6.1 and should not be changed by hand.

[[package]]
name = "javascript"
version = "1!1.0.4"
description = "Call and interop Node.js APIs with Python"
optional = false
python-versions = ">=3.7, <4"
files = [
    {file = "javascript-1!1.0.4-py3-none-any.whl", hash = "sha256:db1819bb787819091a5d6e3c0ac9ac17198c76c88385a48a87eb870faf6baab1"},
    {file = "javascript-1!1.0.4.tar.gz", hash = "sha256:1e172a7da678da592cb579f144a97f965b1ce1bb5bc8062cf16ae510ac77cd2d"},
]

[package.extras]
dev = ["check-manifest"]
test = ["coverage"]

[metadata]
lock-version = "2.0"
python-versions = "^3.11"
content-hash = "6e42d982cc049871a57876f5d355bff7a1b490cf6b3f350f6fab24d50f7ad247"
